
Microsoft Visual Studio Solution File, Format Version 12.00
# Visual Studio Version 17
VisualStudioVersion = 17.13.35931.197 d17.13
MinimumVisualStudioVersion = 10.0.40219.1
Project("{FAE04EC0-301F-11D3-BF4B-00C04F79EFBC}") = "zekonto_iezetcitzio", "zekonto_iezetcitzio\zekonto_iezetcitzio.csproj", "{4629E5EF-F7E7-4E51-98C2-0BD176ED3407}"
EndProject
Global
	GlobalSection(SolutionConfigurationPlatforms) = preSolution
		Debug|Any CPU = Debug|Any CPU
		Release|Any CPU = Release|Any CPU
	EndGlobalSection
	GlobalSection(ProjectConfigurationPlatforms) = postSolution
		{4629E5EF-F7E7-4E51-98C2-0BD176ED3407}.Debug|Any CPU.ActiveCfg = Debug|Any CPU
		{4629E5EF-F7E7-4E51-98C2-0BD176ED3407}.Debug|Any CPU.Build.0 = Debug|Any CPU
		{4629E5EF-F7E7-4E51-98C2-0BD176ED3407}.Release|Any CPU.ActiveCfg = Release|Any CPU
		{4629E5EF-F7E7-4E51-98C2-0BD176ED3407}.Release|Any CPU.Build.0 = Release|Any CPU
	EndGlobalSection
	GlobalSection(SolutionProperties) = preSolution
		HideSolutionNode = FALSE
	EndGlobalSection
	GlobalSection(ExtensibilityGlobals) = postSolution
		SolutionGuid = {943E43A1-1C89-4166-9BC3-E4FE03753D53}
	EndGlobalSection
EndGlobal
